
Microsoft Visual Studio Solution File, Format Version 12.00
# Visual Studio Version 17
VisualStudioVersion = 17.7.34024.191
MinimumVisualStudioVersion = 10.0.40219.1
Project("{FAE04EC0-301F-11D3-BF4B-00C04F79EFBC}") = "PracaPliki", "PracaPliki\PracaPliki.csproj", "{CF53C2CD-26FF-4FE1-B443-305E65E85EF4}"
EndProject
Global
	GlobalSection(SolutionConfigurationPlatforms) = preSolution
		Debug|Any CPU = Debug|Any CPU
		Release|Any CPU = Release|Any CPU
	EndGlobalSection
	GlobalSection(ProjectConfigurationPlatforms) = postSolution
		{CF53C2CD-26FF-4FE1-B443-305E65E85EF4}.Debug|Any CPU.ActiveCfg = Debug|Any CPU
		{CF53C2CD-26FF-4FE1-B443-305E65E85EF4}.Debug|Any CPU.Build.0 = Debug|Any CPU
		{CF53C2CD-26FF-4FE1-B443-305E65E85EF4}.Release|Any CPU.ActiveCfg = Release|Any CPU
		{CF53C2CD-26FF-4FE1-B443-305E65E85EF4}.Release|Any CPU.Build.0 = Release|Any CPU
	EndGlobalSection
	GlobalSection(SolutionProperties) = preSolution
		HideSolutionNode = FALSE
	EndGlobalSection
	GlobalSection(ExtensibilityGlobals) = postSolution
		SolutionGuid = {BB136723-A50B-4A53-BBB7-7E5356EE340D}
	EndGlobalSection
EndGlobal
